
Microsoft Visual Studio Solution File, Format Version 12.00
# Visual Studio Version 16
VisualStudioVersion = 16.0.28803.202
MinimumVisualStudioVersion = 10.0.40219.1
Project("{2150E333-8FDC-42A3-9474-1A3956D46DE8}") = "1-All.Ui", "1-All.Ui", "{80A10992-724A-4929-9F5E-064903A9FF8D}"
EndProject
Project("{2150E333-8FDC-42A3-9474-1A3956D46DE8}") = "2-All.Application", "2-All.Application", "{B1170D5D-ED3E-4608-AF14-6C634FB501D2}"
EndProject
Project("{2150E333-8FDC-42A3-9474-1A3956D46DE8}") = "3-All.Domain", "3-All.Domain", "{B7B1497E-0526-4EFB-BB61-C6AC19B7A665}"
EndProject
Project("{2150E333-8FDC-42A3-9474-1A3956D46DE8}") = "4-All.Infrastructure", "4-All.Infrastructure", "{7742311D-0789-485F-99AB-38EE5DC94810}"
EndProject
Project("{2150E333-8FDC-42A3-9474-1A3956D46DE8}") = "service", "service", "{DF3656B8-F88C-42FC-8723-9C6B2E1C507A}"
EndProject
Project("{2150E333-8FDC-42A3-9474-1A3956D46DE8}") = "5-All.Help", "5-All.Help", "{C5C169BD-143C-4177-B47F-00BAEE9C4AB9}"
EndProject
Project("{9A19103F-16F7-4668-BE54-9A1E7A4F7556}") = "ClassLibrary2", "ClassLibrary2\ClassLibrary2.csproj", "{6A7C1164-03B7-42B1-A214-2193846590A2}"
EndProject
Project("{9A19103F-16F7-4668-BE54-9A1E7A4F7556}") = "All.WebApi", "All.WebApi\All.WebApi.csproj", "{EB1D9060-6E9F-4F0D-9D87-AB766C77DDB3}"
EndProject
Project("{FAE04EC0-301F-11D3-BF4B-00C04F79EFBC}") = "All.Domain", "All.Domain\All.Domain.csproj", "{0FFEF17D-9C6D-4673-A59F-A2B51881A55A}"
EndProject
Project("{FAE04EC0-301F-11D3-BF4B-00C04F79EFBC}") = "All.Infrastructure", "All.Infrastructure\All.Infrastructure.csproj", "{B4675723-0F74-48D6-9DDC-5D639343A88B}"
EndProject
Project("{2150E333-8FDC-42A3-9474-1A3956D46DE8}") = "4.1-Data", "4.1-Data", "{47BDCA50-2EDB-47F2-80DD-FCBF204B0FBD}"
EndProject
Project("{2150E333-8FDC-42A3-9474-1A3956D46DE8}") = "4.2-Common", "4.2-Common", "{39D87EEF-CD54-49BF-88F4-F54DF852C614}"
EndProject
Project("{FAE04EC0-301F-11D3-BF4B-00C04F79EFBC}") = "All.Common.RabbitMQ", "All.Common.RabbitMQ\All.Common.RabbitMQ.csproj", "{B63A2742-F47E-485A-8F4E-159D637DB030}"
EndProject
Project("{FAE04EC0-301F-11D3-BF4B-00C04F79EFBC}") = "All.Common.Utility", "All.Common.Utility\All.Common.Utility.csproj", "{109C60D5-80E4-461F-A4E6-049D186E4992}"
EndProject
Project("{FAE04EC0-301F-11D3-BF4B-00C04F79EFBC}") = "All.Common.DtoModel", "All.Common.DtoModel\All.Common.DtoModel.csproj", "{8FAB394E-D4D0-4D83-B087-90063CF226E5}"
EndProject
Project("{FAE04EC0-301F-11D3-BF4B-00C04F79EFBC}") = "All.Application", "All.Application\All.Application.csproj", "{A6D97319-83C1-4608-A207-1EDC37195C62}"
EndProject
Global
	GlobalSection(SolutionConfigurationPlatforms) = preSolution
		Debug|Any CPU = Debug|Any CPU
		Release|Any CPU = Release|Any CPU
	EndGlobalSection
	GlobalSection(ProjectConfigurationPlatforms) = postSolution
		{6A7C1164-03B7-42B1-A214-2193846590A2}.Debug|Any CPU.ActiveCfg = Debug|Any CPU
		{6A7C1164-03B7-42B1-A214-2193846590A2}.Debug|Any CPU.Build.0 = Debug|Any CPU
		{6A7C1164-03B7-42B1-A214-2193846590A2}.Release|Any CPU.ActiveCfg = Release|Any CPU
		{6A7C1164-03B7-42B1-A214-2193846590A2}.Release|Any CPU.Build.0 = Release|Any CPU
		{EB1D9060-6E9F-4F0D-9D87-AB766C77DDB3}.Debug|Any CPU.ActiveCfg = Debug|Any CPU
		{EB1D9060-6E9F-4F0D-9D87-AB766C77DDB3}.Debug|Any CPU.Build.0 = Debug|Any CPU
		{EB1D9060-6E9F-4F0D-9D87-AB766C77DDB3}.Release|Any CPU.ActiveCfg = Release|Any CPU
		{EB1D9060-6E9F-4F0D-9D87-AB766C77DDB3}.Release|Any CPU.Build.0 = Release|Any CPU
		{0FFEF17D-9C6D-4673-A59F-A2B51881A55A}.Debug|Any CPU.ActiveCfg = Debug|Any CPU
		{0FFEF17D-9C6D-4673-A59F-A2B51881A55A}.Debug|Any CPU.Build.0 = Debug|Any CPU
		{0FFEF17D-9C6D-4673-A59F-A2B51881A55A}.Release|Any CPU.ActiveCfg = Release|Any CPU
		{0FFEF17D-9C6D-4673-A59F-A2B51881A55A}.Release|Any CPU.Build.0 = Release|Any CPU
		{B4675723-0F74-48D6-9DDC-5D639343A88B}.Debug|Any CPU.ActiveCfg = Debug|Any CPU
		{B4675723-0F74-48D6-9DDC-5D639343A88B}.Debug|Any CPU.Build.0 = Debug|Any CPU
		{B4675723-0F74-48D6-9DDC-5D639343A88B}.Release|Any CPU.ActiveCfg = Release|Any CPU
		{B4675723-0F74-48D6-9DDC-5D639343A88B}.Release|Any CPU.Build.0 = Release|Any CPU
		{51877DD6-A1B7-4D98-91BE-1E1C398082AB}.Debug|Any CPU.ActiveCfg = Debug|Any CPU
		{51877DD6-A1B7-4D98-91BE-1E1C398082AB}.Debug|Any CPU.Build.0 = Debug|Any CPU
		{51877DD6-A1B7-4D98-91BE-1E1C398082AB}.Release|Any CPU.ActiveCfg = Release|Any CPU
		{51877DD6-A1B7-4D98-91BE-1E1C398082AB}.Release|Any CPU.Build.0 = Release|Any CPU
		{B63A2742-F47E-485A-8F4E-159D637DB030}.Debug|Any CPU.ActiveCfg = Debug|Any CPU
		{B63A2742-F47E-485A-8F4E-159D637DB030}.Debug|Any CPU.Build.0 = Debug|Any CPU
		{B63A2742-F47E-485A-8F4E-159D637DB030}.Release|Any CPU.ActiveCfg = Release|Any CPU
		{B63A2742-F47E-485A-8F4E-159D637DB030}.Release|Any CPU.Build.0 = Release|Any CPU
		{109C60D5-80E4-461F-A4E6-049D186E4992}.Debug|Any CPU.ActiveCfg = Debug|Any CPU
		{109C60D5-80E4-461F-A4E6-049D186E4992}.Debug|Any CPU.Build.0 = Debug|Any CPU
		{109C60D5-80E4-461F-A4E6-049D186E4992}.Release|Any CPU.ActiveCfg = Release|Any CPU
		{109C60D5-80E4-461F-A4E6-049D186E4992}.Release|Any CPU.Build.0 = Release|Any CPU
		{8FAB394E-D4D0-4D83-B087-90063CF226E5}.Debug|Any CPU.ActiveCfg = Debug|Any CPU
		{8FAB394E-D4D0-4D83-B087-90063CF226E5}.Debug|Any CPU.Build.0 = Debug|Any CPU
		{8FAB394E-D4D0-4D83-B087-90063CF226E5}.Release|Any CPU.ActiveCfg = Release|Any CPU
		{8FAB394E-D4D0-4D83-B087-90063CF226E5}.Release|Any CPU.Build.0 = Release|Any CPU
		{A6D97319-83C1-4608-A207-1EDC37195C62}.Debug|Any CPU.ActiveCfg = Debug|Any CPU
		{A6D97319-83C1-4608-A207-1EDC37195C62}.Debug|Any CPU.Build.0 = Debug|Any CPU
		{A6D97319-83C1-4608-A207-1EDC37195C62}.Release|Any CPU.ActiveCfg = Release|Any CPU
		{A6D97319-83C1-4608-A207-1EDC37195C62}.Release|Any CPU.Build.0 = Release|Any CPU
	EndGlobalSection
	GlobalSection(SolutionProperties) = preSolution
		HideSolutionNode = FALSE
	EndGlobalSection
	GlobalSection(NestedProjects) = preSolution
		{DF3656B8-F88C-42FC-8723-9C6B2E1C507A} = {80A10992-724A-4929-9F5E-064903A9FF8D}
		{6A7C1164-03B7-42B1-A214-2193846590A2} = {C5C169BD-143C-4177-B47F-00BAEE9C4AB9}
		{EB1D9060-6E9F-4F0D-9D87-AB766C77DDB3} = {80A10992-724A-4929-9F5E-064903A9FF8D}
		{0FFEF17D-9C6D-4673-A59F-A2B51881A55A} = {B7B1497E-0526-4EFB-BB61-C6AC19B7A665}
		{B4675723-0F74-48D6-9DDC-5D639343A88B} = {47BDCA50-2EDB-47F2-80DD-FCBF204B0FBD}
		{47BDCA50-2EDB-47F2-80DD-FCBF204B0FBD} = {7742311D-0789-485F-99AB-38EE5DC94810}
		{51877DD6-A1B7-4D98-91BE-1E1C398082AB} = {7742311D-0789-485F-99AB-38EE5DC94810}
		{39D87EEF-CD54-49BF-88F4-F54DF852C614} = {7742311D-0789-485F-99AB-38EE5DC94810}
		{B63A2742-F47E-485A-8F4E-159D637DB030} = {39D87EEF-CD54-49BF-88F4-F54DF852C614}
		{109C60D5-80E4-461F-A4E6-049D186E4992} = {39D87EEF-CD54-49BF-88F4-F54DF852C614}
		{8FAB394E-D4D0-4D83-B087-90063CF226E5} = {39D87EEF-CD54-49BF-88F4-F54DF852C614}
		{A6D97319-83C1-4608-A207-1EDC37195C62} = {B1170D5D-ED3E-4608-AF14-6C634FB501D2}
	EndGlobalSection
	GlobalSection(ExtensibilityGlobals) = postSolution
		SolutionGuid = {0AA43FE9-6E4C-4323-981B-7127574ABA48}
	EndGlobalSection
EndGlobal
